// !$*UTF8*$!
{
	archiveVersion = 1;
	classes = {
	};
	objectVersion = 50;
	objects = {

/* Begin PBXBuildFile section */
		AA86038CD41D1E784EB56805 /* Pods_There_are_These_Things.framework in Frameworks */ = {isa = PBXBuildFile; fileRef = 54E1DB16B4C4C1E0BF78134D /* Pods_There_are_These_Things.framework */; };
		EF4EB6A320D4E14800F9B442 /* DataModel.xcdatamodeld in Sources */ = {isa = PBXBuildFile; fileRef = EF4EB6A120D4E14800F9B442 /* DataModel.xcdatamodeld */; };
		EF7B203520DF3D6F00A916F3 /* Item.swift in Sources */ = {isa = PBXBuildFile; fileRef = EF7B203420DF3D6F00A916F3 /* Item.swift */; };
		EF7B203720DF3D7700A916F3 /* Category.swift in Sources */ = {isa = PBXBuildFile; fileRef = EF7B203620DF3D7700A916F3 /* Category.swift */; };
		EF8E8BAC20B92EA100F2D2F4 /* AppDelegate.swift in Sources */ = {isa = PBXBuildFile; fileRef = EF8E8BAB20B92EA100F2D2F4 /* AppDelegate.swift */; };
		EF8E8BAE20B92EA100F2D2F4 /* ToDoListViewController.swift in Sources */ = {isa = PBXBuildFile; fileRef = EF8E8BAD20B92EA100F2D2F4 /* ToDoListViewController.swift */; };
		EF8E8BB120B92EA100F2D2F4 /* Main.storyboard in Resources */ = {isa = PBXBuildFile; fileRef = EF8E8BAF20B92EA100F2D2F4 /* Main.storyboard */; };
		EF8E8BB320B92EA300F2D2F4 /* Assets.xcassets in Resources */ = {isa = PBXBuildFile; fileRef = EF8E8BB220B92EA300F2D2F4 /* Assets.xcassets */; };
		EF8E8BB620B92EA300F2D2F4 /* LaunchScreen.storyboard in Resources */ = {isa = PBXBuildFile; fileRef = EF8E8BB420B92EA300F2D2F4 /* LaunchScreen.storyboard */; };
		EFB06E0520DA117400BD6731 /* CategoryTableViewController.swift in Sources */ = {isa = PBXBuildFile; fileRef = EFB06E0420DA117400BD6731 /* CategoryTableViewController.swift */; };
/* End PBXBuildFile section */

/* Begin PBXFileReference section */
		2BCF3F24C0535C1F298E6791 /* Pods-There are These Things.debug.xcconfig */ = {isa = PBXFileReference; includeInIndex = 1; lastKnownFileType = text.xcconfig; name = "Pods-There are These Things.debug.xcconfig"; path = "Pods/Target Support Files/Pods-There are These Things/Pods-There are These Things.debug.xcconfig"; sourceTree = "<group>"; };
		513AFCA0ABA68A6EEEC17865 /* Pods-There are These Things.release.xcconfig */ = {isa = PBXFileReference; includeInIndex = 1; lastKnownFileType = text.xcconfig; name = "Pods-There are These Things.release.xcconfig"; path = "Pods/Target Support Files/Pods-There are These Things/Pods-There are These Things.release.xcconfig"; sourceTree = "<group>"; };
		54E1DB16B4C4C1E0BF78134D /* Pods_There_are_These_Things.framework */ = {isa = PBXFileReference; explicitFileType = wrapper.framework; includeInIndex = 0; path = Pods_There_are_These_Things.framework; sourceTree = BUILT_PRODUCTS_DIR; };
		EF4EB6A220D4E14800F9B442 /* DataModel.xcdatamodel */ = {isa = PBXFileReference; lastKnownFileType = wrapper.xcdatamodel; path = DataModel.xcdatamodel; sourceTree = "<group>"; };
		EF7B203420DF3D6F00A916F3 /* Item.swift */ = {isa = PBXFileReference; lastKnownFileType = sourcecode.swift; path = Item.swift; sourceTree = "<group>"; };
		EF7B203620DF3D7700A916F3 /* Category.swift */ = {isa = PBXFileReference; lastKnownFileType = sourcecode.swift; path = Category.swift; sourceTree = "<group>"; };
		EF8E8BA820B92EA100F2D2F4 /* There are These Things.app */ = {isa = PBXFileReference; explicitFileType = wrapper.application; includeInIndex = 0; path = "There are These Things.app"; sourceTree = BUILT_PRODUCTS_DIR; };
		EF8E8BAB20B92EA100F2D2F4 /* AppDelegate.swift */ = {isa = PBXFileReference; lastKnownFileType = sourcecode.swift; path = AppDelegate.swift; sourceTree = "<group>"; };
		EF8E8BAD20B92EA100F2D2F4 /* ToDoListViewController.swift */ = {isa = PBXFileReference; lastKnownFileType = sourcecode.swift; path = ToDoListViewController.swift; sourceTree = "<group>"; };
		EF8E8BB020B92EA100F2D2F4 /* Base */ = {isa = PBXFileReference; lastKnownFileType = file.storyboard; name = Base; path = Base.lproj/Main.storyboard; sourceTree = "<group>"; };
		EF8E8BB220B92EA300F2D2F4 /* Assets.xcassets */ = {isa = PBXFileReference; lastKnownFileType = folder.assetcatalog; path = Assets.xcassets; sourceTree = "<group>"; };
		EF8E8BB520B92EA300F2D2F4 /* Base */ = {isa = PBXFileReference; lastKnownFileType = file.storyboard; name = Base; path = Base.lproj/LaunchScreen.storyboard; sourceTree = "<group>"; };
		EF8E8BB720B92EA300F2D2F4 /* Info.plist */ = {isa = PBXFileReference; lastKnownFileType = text.plist.xml; path = Info.plist; sourceTree = "<group>"; };
		EFB06E0420DA117400BD6731 /* CategoryTableViewController.swift */ = {isa = PBXFileReference; lastKnownFileType = sourcecode.swift; path = CategoryTableViewController.swift; sourceTree = "<group>"; };
/* End PBXFileReference section */

/* Begin PBXFrameworksBuildPhase section */
		EF8E8BA520B92EA100F2D2F4 /* Frameworks */ = {
			isa = PBXFrameworksBuildPhase;
			buildActionMask = 2147483647;
			files = (
				AA86038CD41D1E784EB56805 /* Pods_There_are_These_Things.framework in Frameworks */,
			);
			runOnlyForDeploymentPostprocessing = 0;
		};
/* End PBXFrameworksBuildPhase section */

/* Begin PBXGroup section */
		D5E30BE8C078AE1F69BD3E78 /* Pods */ = {
			isa = PBXGroup;
			children = (
				2BCF3F24C0535C1F298E6791 /* Pods-There are These Things.debug.xcconfig */,
				513AFCA0ABA68A6EEEC17865 /* Pods-There are These Things.release.xcconfig */,
			);
			name = Pods;
			sourceTree = "<group>";
		};
		EF8E8B9F20B92EA100F2D2F4 = {
			isa = PBXGroup;
			children = (
				EF8E8BAA20B92EA100F2D2F4 /* There are These Things */,
				EF8E8BA920B92EA100F2D2F4 /* Products */,
				D5E30BE8C078AE1F69BD3E78 /* Pods */,
				F99F5A3C73218384DC4DCE07 /* Frameworks */,
			);
			sourceTree = "<group>";
		};
		EF8E8BA920B92EA100F2D2F4 /* Products */ = {
			isa = PBXGroup;
			children = (
				EF8E8BA820B92EA100F2D2F4 /* There are These Things.app */,
			);
			name = Products;
			sourceTree = "<group>";
		};
		EF8E8BAA20B92EA100F2D2F4 /* There are These Things */ = {
			isa = PBXGroup;
			children = (
				EF8E8BAB20B92EA100F2D2F4 /* AppDelegate.swift */,
				EFD0084C20C3AF78007B138D /* Data Model */,
				EFD0084D20C3AF87007B138D /* Controller */,
				EFD0084E20C3AF8E007B138D /* View */,
				EFD0084F20C3AFA5007B138D /* Supporting Files */,
				EF8E8BB720B92EA300F2D2F4 /* Info.plist */,
			);
			path = "There are These Things";
			sourceTree = "<group>";
		};
		EFD0084C20C3AF78007B138D /* Data Model */ = {
			isa = PBXGroup;
			children = (
				EF4EB6A120D4E14800F9B442 /* DataModel.xcdatamodeld */,
				EF7B203420DF3D6F00A916F3 /* Item.swift */,
				EF7B203620DF3D7700A916F3 /* Category.swift */,
			);
			path = "Data Model";
			sourceTree = "<group>";
		};
		EFD0084D20C3AF87007B138D /* Controller */ = {
			isa = PBXGroup;
			children = (
				EFB06E0420DA117400BD6731 /* CategoryTableViewController.swift */,
				EF8E8BAD20B92EA100F2D2F4 /* ToDoListViewController.swift */,
			);
			path = Controller;
			sourceTree = "<group>";
		};
		EFD0084E20C3AF8E007B138D /* View */ = {
			isa = PBXGroup;
			children = (
				EF8E8BAF20B92EA100F2D2F4 /* Main.storyboard */,
			);
			path = View;
			sourceTree = "<group>";
		};
		EFD0084F20C3AFA5007B138D /* Supporting Files */ = {
			isa = PBXGroup;
			children = (
				EF8E8BB220B92EA300F2D2F4 /* Assets.xcassets */,
				EF8E8BB420B92EA300F2D2F4 /* LaunchScreen.storyboard */,
			);
			path = "Supporting Files";
			sourceTree = "<group>";
		};
		F99F5A3C73218384DC4DCE07 /* Frameworks */ = {
			isa = PBXGroup;
			children = (
				54E1DB16B4C4C1E0BF78134D /* Pods_There_are_These_Things.framework */,
			);
			name = Frameworks;
			sourceTree = "<group>";
		};
/* End PBXGroup section */

/* Begin PBXNativeTarget section */
		EF8E8BA720B92EA100F2D2F4 /* There are These Things */ = {
			isa = PBXNativeTarget;
			buildConfigurationList = EF8E8BBA20B92EA300F2D2F4 /* Build configuration list for PBXNativeTarget "There are These Things" */;
			buildPhases = (
				67567F1AD05A386A18A20C75 /* [CP] Check Pods Manifest.lock */,
				EF8E8BA420B92EA100F2D2F4 /* Sources */,
				EF8E8BA520B92EA100F2D2F4 /* Frameworks */,
				EF8E8BA620B92EA100F2D2F4 /* Resources */,
				8886DC9573BD480C33633DE6 /* [CP] Embed Pods Frameworks */,
			);
			buildRules = (
			);
			dependencies = (
			);
			name = "There are These Things";
			productName = "There are These Things";
			productReference = EF8E8BA820B92EA100F2D2F4 /* There are These Things.app */;
			productType = "com.apple.product-type.application";
		};
/* End PBXNativeTarget section */

/* Begin PBXProject section */
		EF8E8BA020B92EA100F2D2F4 /* Project object */ = {
			isa = PBXProject;
			attributes = {
				LastSwiftUpdateCheck = 0930;
				LastUpgradeCheck = 0930;
				ORGANIZATIONNAME = "Jared Boynton";
				TargetAttributes = {
					EF8E8BA720B92EA100F2D2F4 = {
						CreatedOnToolsVersion = 9.3.1;
						LastSwiftMigration = 1000;
					};
				};
			};
			buildConfigurationList = EF8E8BA320B92EA100F2D2F4 /* Build configuration list for PBXProject "There are These Things" */;
			compatibilityVersion = "Xcode 9.3";
			developmentRegion = en;
			hasScannedForEncodings = 0;
			knownRegions = (
				en,
				Base,
			);
			mainGroup = EF8E8B9F20B92EA100F2D2F4;
			productRefGroup = EF8E8BA920B92EA100F2D2F4 /* Products */;
			projectDirPath = "";
			projectRoot = "";
			targets = (
				EF8E8BA720B92EA100F2D2F4 /* There are These Things */,
			);
		};
/* End PBXProject section */

/* Begin PBXResourcesBuildPhase section */
		EF8E8BA620B92EA100F2D2F4 /* Resources */ = {
			isa = PBXResourcesBuildPhase;
			buildActionMask = 2147483647;
			files = (
				EF8E8BB620B92EA300F2D2F4 /* LaunchScreen.storyboard in Resources */,
				EF8E8BB320B92EA300F2D2F4 /* Assets.xcassets in Resources */,
				EF8E8BB120B92EA100F2D2F4 /* Main.storyboard in Resources */,
			);
			runOnlyForDeploymentPostprocessing = 0;
		};
/* End PBXResourcesBuildPhase section */

/* Begin PBXShellScriptBuildPhase section */
		67567F1AD05A386A18A20C75 /* [CP] Check Pods Manifest.lock */ = {
			isa = PBXShellScriptBuildPhase;
			buildActionMask = 2147483647;
			files = (
			);
			inputPaths = (
				"${PODS_PODFILE_DIR_PATH}/Podfile.lock",
				"${PODS_ROOT}/Manifest.lock",
			);
			name = "[CP] Check Pods Manifest.lock";
			outputPaths = (
				"$(DERIVED_FILE_DIR)/Pods-There are These Things-checkManifestLockResult.txt",
			);
			runOnlyForDeploymentPostprocessing = 0;
			shellPath = /bin/sh;
			shellScript = "diff \"${PODS_PODFILE_DIR_PATH}/Podfile.lock\" \"${PODS_ROOT}/Manifest.lock\" > /dev/null\nif [ $? != 0 ] ; then\n    # print error to STDERR\n    echo \"error: The sandbox is not in sync with the Podfile.lock. Run 'pod install' or update your CocoaPods installation.\" >&2\n    exit 1\nfi\n# This output is used by Xcode 'outputs' to avoid re-running this script phase.\necho \"SUCCESS\" > \"${SCRIPT_OUTPUT_FILE_0}\"\n";
			showEnvVarsInLog = 0;
		};
		8886DC9573BD480C33633DE6 /* [CP] Embed Pods Frameworks */ = {
			isa = PBXShellScriptBuildPhase;
			buildActionMask = 2147483647;
			files = (
			);
			inputPaths = (
				"${SRCROOT}/Pods/Target Support Files/Pods-There are These Things/Pods-There are These Things-frameworks.sh",
				"${BUILT_PRODUCTS_DIR}/Realm/Realm.framework",
				"${BUILT_PRODUCTS_DIR}/RealmSwift/RealmSwift.framework",
			);
			name = "[CP] Embed Pods Frameworks";
			outputPaths = (
				"${TARGET_BUILD_DIR}/${FRAMEWORKS_FOLDER_PATH}/Realm.framework",
				"${TARGET_BUILD_DIR}/${FRAMEWORKS_FOLDER_PATH}/RealmSwift.framework",
			);
			runOnlyForDeploymentPostprocessing = 0;
			shellPath = /bin/sh;
			shellScript = "\"${SRCROOT}/Pods/Target Support Files/Pods-There are These Things/Pods-There are These Things-frameworks.sh\"\n";
			showEnvVarsInLog = 0;
		};
/* End PBXShellScriptBuildPhase section */

/* Begin PBXSourcesBuildPhase section */
		EF8E8BA420B92EA100F2D2F4 /* Sources */ = {
			isa = PBXSourcesBuildPhase;
			buildActionMask = 2147483647;
			files = (
				EF7B203520DF3D6F00A916F3 /* Item.swift in Sources */,
				EF8E8BAE20B92EA100F2D2F4 /* ToDoListViewController.swift in Sources */,
				EF4EB6A320D4E14800F9B442 /* DataModel.xcdatamodeld in Sources */,
				EF8E8BAC20B92EA100F2D2F4 /* AppDelegate.swift in Sources */,
				EFB06E0520DA117400BD6731 /* CategoryTableViewController.swift in Sources */,
				EF7B203720DF3D7700A916F3 /* Category.swift in Sources */,
			);
			runOnlyForDeploymentPostprocessing = 0;
		};
/* End PBXSourcesBuildPhase section */

/* Begin PBXVariantGroup section */
		EF8E8BAF20B92EA100F2D2F4 /* Main.storyboard */ = {
			isa = PBXVariantGroup;
			children = (
				EF8E8BB020B92EA100F2D2F4 /* Base */,
			);
			name = Main.storyboard;
			sourceTree = "<group>";
		};
		EF8E8BB420B92EA300F2D2F4 /* LaunchScreen.storyboard */ = {
			isa = PBXVariantGroup;
			children = (
				EF8E8BB520B92EA300F2D2F4 /* Base */,
			);
			name = LaunchScreen.storyboard;
			sourceTree = "<group>";
		};
/* End PBXVariantGroup section */

/* Begin XCBuildConfiguration section */
		EF8E8BB820B92EA300F2D2F4 /* Debug */ = {
			isa = XCBuildConfiguration;
			buildSettings = {
				ALWAYS_SEARCH_USER_PATHS = NO;
				CLANG_ANALYZER_NONNULL = YES;
				CLANG_ANALYZER_NUMBER_OBJECT_CONVERSION = YES_AGGRESSIVE;
				CLANG_CXX_LANGUAGE_STANDARD = "gnu++14";
				CLANG_CXX_LIBRARY = "libc++";
				CLANG_ENABLE_MODULES = YES;
				CLANG_ENABLE_OBJC_ARC = YES;
				CLANG_ENABLE_OBJC_WEAK = YES;
				CLANG_WARN_BLOCK_CAPTURE_AUTORELEASING = YES;
				CLANG_WARN_BOOL_CONVERSION = YES;
				CLANG_WARN_COMMA = YES;
				CLANG_WARN_CONSTANT_CONVERSION = YES;
				CLANG_WARN_DEPRECATED_OBJC_IMPLEMENTATIONS = YES;
				CLANG_WARN_DIRECT_OBJC_ISA_USAGE = YES_ERROR;
				CLANG_WARN_DOCUMENTATION_COMMENTS = YES;
				CLANG_WARN_EMPTY_BODY = YES;
				CLANG_WARN_ENUM_CONVERSION = YES;
				CLANG_WARN_INFINITE_RECURSION = YES;
				CLANG_WARN_INT_CONVERSION = YES;
				CLANG_WARN_NON_LITERAL_NULL_CONVERSION = YES;
				CLANG_WARN_OBJC_IMPLICIT_RETAIN_SELF = YES;
				CLANG_WARN_OBJC_LITERAL_CONVERSION = YES;
				CLANG_WARN_OBJC_ROOT_CLASS = YES_ERROR;
				CLANG_WARN_RANGE_LOOP_ANALYSIS = YES;
				CLANG_WARN_STRICT_PROTOTYPES = YES;
				CLANG_WARN_SUSPICIOUS_MOVE = YES;
				CLANG_WARN_UNGUARDED_AVAILABILITY = YES_AGGRESSIVE;
				CLANG_WARN_UNREACHABLE_CODE = YES;
				CLANG_WARN__DUPLICATE_METHOD_MATCH = YES;
				CODE_SIGN_IDENTITY = "iPhone Developer";
				COPY_PHASE_STRIP = NO;
				DEBUG_INFORMATION_FORMAT = dwarf;
				ENABLE_STRICT_OBJC_MSGSEND = YES;
				ENABLE_TESTABILITY = YES;
				GCC_C_LANGUAGE_STANDARD = gnu11;
				GCC_DYNAMIC_NO_PIC = NO;
				GCC_NO_COMMON_BLOCKS = YES;
				GCC_OPTIMIZATION_LEVEL = 0;
				GCC_PREPROCESSOR_DEFINITIONS = (
					"DEBUG=1",
					"$(inherited)",
				);
				GCC_WARN_64_TO_32_BIT_CONVERSION = YES;
				GCC_WARN_ABOUT_RETURN_TYPE = YES_ERROR;
				GCC_WARN_UNDECLARED_SELECTOR = YES;
				GCC_WARN_UNINITIALIZED_AUTOS = YES_AGGRESSIVE;
				GCC_WARN_UNUSED_FUNCTION = YES;
				GCC_WARN_UNUSED_VARIABLE = YES;
				IPHONEOS_DEPLOYMENT_TARGET = 11.3;
				MTL_ENABLE_DEBUG_INFO = YES;
				ONLY_ACTIVE_ARCH = YES;
				SDKROOT = iphoneos;
				SWIFT_ACTIVE_COMPILATION_CONDITIONS = DEBUG;
				SWIFT_OPTIMIZATION_LEVEL = "-Onone";
			};
			name = Debug;
		};
		EF8E8BB920B92EA300F2D2F4 /* Release */ = {
			isa = XCBuildConfiguration;
			buildSettings = {
				ALWAYS_SEARCH_USER_PATHS = NO;
				CLANG_ANALYZER_NONNULL = YES;
				CLANG_ANALYZER_NUMBER_OBJECT_CONVERSION = YES_AGGRESSIVE;
				CLANG_CXX_LANGUAGE_STANDARD = "gnu++14";
				CLANG_CXX_LIBRARY = "libc++";
				CLANG_ENABLE_MODULES = YES;
				CLANG_ENABLE_OBJC_ARC = YES;
				CLANG_ENABLE_OBJC_WEAK = YES;
				CLANG_WARN_BLOCK_CAPTURE_AUTORELEASING = YES;
				CLANG_WARN_BOOL_CONVERSION = YES;
				CLANG_WARN_COMMA = YES;
				CLANG_WARN_CONSTANT_CONVERSION = YES;
				CLANG_WARN_DEPRECATED_OBJC_IMPLEMENTATIONS = YES;
				CLANG_WARN_DIRECT_OBJC_ISA_USAGE = YES_ERROR;
				CLANG_WARN_DOCUMENTATION_COMMENTS = YES;
				CLANG_WARN_EMPTY_BODY = YES;
				CLANG_WARN_ENUM_CONVERSION = YES;
				CLANG_WARN_INFINITE_RECURSION = YES;
				CLANG_WARN_INT_CONVERSION = YES;
				CLANG_WARN_NON_LITERAL_NULL_CONVERSION = YES;
				CLANG_WARN_OBJC_IMPLICIT_RETAIN_SELF = YES;
				CLANG_WARN_OBJC_LITERAL_CONVERSION = YES;
				CLANG_WARN_OBJC_ROOT_CLASS = YES_ERROR;
				CLANG_WARN_RANGE_LOOP_ANALYSIS = YES;
				CLANG_WARN_STRICT_PROTOTYPES = YES;
				CLANG_WARN_SUSPICIOUS_MOVE = YES;
				CLANG_WARN_UNGUARDED_AVAILABILITY = YES_AGGRESSIVE;
				CLANG_WARN_UNREACHABLE_CODE = YES;
				CLANG_WARN__DUPLICATE_METHOD_MATCH = YES;
				CODE_SIGN_IDENTITY = "iPhone Developer";
				COPY_PHASE_STRIP = NO;
				DEBUG_INFORMATION_FORMAT = "dwarf-with-dsym";
				ENABLE_NS_ASSERTIONS = NO;
				ENABLE_STRICT_OBJC_MSGSEND = YES;
				GCC_C_LANGUAGE_STANDARD = gnu11;
				GCC_NO_COMMON_BLOCKS = YES;
				GCC_WARN_64_TO_32_BIT_CONVERSION = YES;
				GCC_WARN_ABOUT_RETURN_TYPE = YES_ERROR;
				GCC_WARN_UNDECLARED_SELECTOR = YES;
				GCC_WARN_UNINITIALIZED_AUTOS = YES_AGGRESSIVE;
				GCC_WARN_UNUSED_FUNCTION = YES;
				GCC_WARN_UNUSED_VARIABLE = YES;
				IPHONEOS_DEPLOYMENT_TARGET = 11.3;
				MTL_ENABLE_DEBUG_INFO = NO;
				SDKROOT = iphoneos;
				SWIFT_COMPILATION_MODE = wholemodule;
				SWIFT_OPTIMIZATION_LEVEL = "-O";
				VALIDATE_PRODUCT = YES;
			};
			name = Release;
		};
		EF8E8BBB20B92EA300F2D2F4 /* Debug */ = {
			isa = XCBuildConfiguration;
			baseConfigurationReference = 2BCF3F24C0535C1F298E6791 /* Pods-There are These Things.debug.xcconfig */;
			buildSettings = {
				ASSETCATALOG_COMPILER_APPICON_NAME = AppIcon;
				CODE_SIGN_STYLE = Automatic;
				DEVELOPMENT_TEAM = PDBCLG3A2H;
				INFOPLIST_FILE = "There are These Things/Info.plist";
				LD_RUNPATH_SEARCH_PATHS = (
					"$(inherited)",
					"@executable_path/Frameworks",
				);
				PRODUCT_BUNDLE_IDENTIFIER = "com.example.There-are-These-Things";
				PRODUCT_NAME = "$(TARGET_NAME)";
				SWIFT_VERSION = 4.2;
				TARGETED_DEVICE_FAMILY = "1,2";
			};
			name = Debug;
		};
		EF8E8BBC20B92EA300F2D2F4 /* Release */ = {
			isa = XCBuildConfiguration;
			baseConfigurationReference = 513AFCA0ABA68A6EEEC17865 /* Pods-There are These Things.release.xcconfig */;
			buildSettings = {
				ASSETCATALOG_COMPILER_APPICON_NAME = AppIcon;
				CODE_SIGN_STYLE = Automatic;
				DEVELOPMENT_TEAM = PDBCLG3A2H;
				INFOPLIST_FILE = "There are These Things/Info.plist";
				LD_RUNPATH_SEARCH_PATHS = (
					"$(inherited)",
					"@executable_path/Frameworks",
				);
				PRODUCT_BUNDLE_IDENTIFIER = "com.example.There-are-These-Things";
				PRODUCT_NAME = "$(TARGET_NAME)";
				SWIFT_VERSION = 4.2;
				TARGETED_DEVICE_FAMILY = "1,2";
			};
			name = Release;
		};
/* End XCBuildConfiguration section */

/* Begin XCConfigurationList section */
		EF8E8BA320B92EA100F2D2F4 /* Build configuration list for PBXProject "There are These Things" */ = {
			isa = XCConfigurationList;
			buildConfigurations = (
				EF8E8BB820B92EA300F2D2F4 /* Debug */,
				EF8E8BB920B92EA300F2D2F4 /* Release */,
			);
			defaultConfigurationIsVisible = 0;
			defaultConfigurationName = Release;
		};
		EF8E8BBA20B92EA300F2D2F4 /* Build configuration list for PBXNativeTarget "There are These Things" */ = {
			isa = XCConfigurationList;
			buildConfigurations = (
				EF8E8BBB20B92EA300F2D2F4 /* Debug */,
				EF8E8BBC20B92EA300F2D2F4 /* Release */,
			);
			defaultConfigurationIsVisible = 0;
			defaultConfigurationName = Release;
		};
/* End XCConfigurationList section */

/* Begin XCVersionGroup section */
		EF4EB6A120D4E14800F9B442 /* DataModel.xcdatamodeld */ = {
			isa = XCVersionGroup;
			children = (
				EF4EB6A220D4E14800F9B442 /* DataModel.xcdatamodel */,
			);
			currentVersion = EF4EB6A220D4E14800F9B442 /* DataModel.xcdatamodel */;
			path = DataModel.xcdatamodeld;
			sourceTree = "<group>";
			versionGroupType = wrapper.xcdatamodel;
		};
/* End XCVersionGroup section */
	};
	rootObject = EF8E8BA020B92EA100F2D2F4 /* Project object */;
}
